
Microsoft Visual Studio Solution File, Format Version 12.00
# Visual Studio 15
VisualStudioVersion = 15.0.26124.0
MinimumVisualStudioVersion = 15.0.26124.0
Project("{FAE04EC0-301F-11D3-BF4B-00C04F79EFBC}") = "DynamoChallenge2", "src\DynamoChallenge2.csproj", "{56234034-A85D-4C63-BDA6-2895303BC89D}"
EndProject
Project("{FAE04EC0-301F-11D3-BF4B-00C04F79EFBC}") = "DynamoChallenge2.Dependencies", "dependencies\DynamoChallenge2.Dependencies.csproj", "{E4472B13-EA7A-4325-811B-4A0D302BBC96}"
EndProject
Project("{FAE04EC0-301F-11D3-BF4B-00C04F79EFBC}") = "DynamoChallenge2.Tests", "test\DynamoChallenge2.Tests.csproj", "{029BA6B3-BA37-4D30-A805-675813086155}"
EndProject
Global
	GlobalSection(SolutionConfigurationPlatforms) = preSolution
		Debug|Any CPU = Debug|Any CPU
		Debug|x64 = Debug|x64
		Debug|x86 = Debug|x86
		Release|Any CPU = Release|Any CPU
		Release|x64 = Release|x64
		Release|x86 = Release|x86
	EndGlobalSection
	GlobalSection(SolutionProperties) = preSolution
		HideSolutionNode = FALSE
	EndGlobalSection
	GlobalSection(ProjectConfigurationPlatforms) = postSolution
		{56234034-A85D-4C63-BDA6-2895303BC89D}.Debug|Any CPU.ActiveCfg = Debug|Any CPU
		{56234034-A85D-4C63-BDA6-2895303BC89D}.Debug|Any CPU.Build.0 = Debug|Any CPU
		{56234034-A85D-4C63-BDA6-2895303BC89D}.Debug|x64.ActiveCfg = Debug|Any CPU
		{56234034-A85D-4C63-BDA6-2895303BC89D}.Debug|x64.Build.0 = Debug|Any CPU
		{56234034-A85D-4C63-BDA6-2895303BC89D}.Debug|x86.ActiveCfg = Debug|Any CPU
		{56234034-A85D-4C63-BDA6-2895303BC89D}.Debug|x86.Build.0 = Debug|Any CPU
		{56234034-A85D-4C63-BDA6-2895303BC89D}.Release|Any CPU.ActiveCfg = Release|Any CPU
		{56234034-A85D-4C63-BDA6-2895303BC89D}.Release|Any CPU.Build.0 = Release|Any CPU
		{56234034-A85D-4C63-BDA6-2895303BC89D}.Release|x64.ActiveCfg = Release|Any CPU
		{56234034-A85D-4C63-BDA6-2895303BC89D}.Release|x64.Build.0 = Release|Any CPU
		{56234034-A85D-4C63-BDA6-2895303BC89D}.Release|x86.ActiveCfg = Release|Any CPU
		{56234034-A85D-4C63-BDA6-2895303BC89D}.Release|x86.Build.0 = Release|Any CPU
		{E4472B13-EA7A-4325-811B-4A0D302BBC96}.Debug|Any CPU.ActiveCfg = Debug|Any CPU
		{E4472B13-EA7A-4325-811B-4A0D302BBC96}.Debug|Any CPU.Build.0 = Debug|Any CPU
		{E4472B13-EA7A-4325-811B-4A0D302BBC96}.Debug|x64.ActiveCfg = Debug|Any CPU
		{E4472B13-EA7A-4325-811B-4A0D302BBC96}.Debug|x64.Build.0 = Debug|Any CPU
		{E4472B13-EA7A-4325-811B-4A0D302BBC96}.Debug|x86.ActiveCfg = Debug|Any CPU
		{E4472B13-EA7A-4325-811B-4A0D302BBC96}.Debug|x86.Build.0 = Debug|Any CPU
		{E4472B13-EA7A-4325-811B-4A0D302BBC96}.Release|Any CPU.ActiveCfg = Release|Any CPU
		{E4472B13-EA7A-4325-811B-4A0D302BBC96}.Release|Any CPU.Build.0 = Release|Any CPU
		{E4472B13-EA7A-4325-811B-4A0D302BBC96}.Release|x64.ActiveCfg = Release|Any CPU
		{E4472B13-EA7A-4325-811B-4A0D302BBC96}.Release|x64.Build.0 = Release|Any CPU
		{E4472B13-EA7A-4325-811B-4A0D302BBC96}.Release|x86.ActiveCfg = Release|Any CPU
		{E4472B13-EA7A-4325-811B-4A0D302BBC96}.Release|x86.Build.0 = Release|Any CPU
		{029BA6B3-BA37-4D30-A805-675813086155}.Debug|Any CPU.ActiveCfg = Debug|Any CPU
		{029BA6B3-BA37-4D30-A805-675813086155}.Debug|Any CPU.Build.0 = Debug|Any CPU
		{029BA6B3-BA37-4D30-A805-675813086155}.Debug|x64.ActiveCfg = Debug|Any CPU
		{029BA6B3-BA37-4D30-A805-675813086155}.Debug|x64.Build.0 = Debug|Any CPU
		{029BA6B3-BA37-4D30-A805-675813086155}.Debug|x86.ActiveCfg = Debug|Any CPU
		{029BA6B3-BA37-4D30-A805-675813086155}.Debug|x86.Build.0 = Debug|Any CPU
		{029BA6B3-BA37-4D30-A805-675813086155}.Release|Any CPU.ActiveCfg = Release|Any CPU
		{029BA6B3-BA37-4D30-A805-675813086155}.Release|Any CPU.Build.0 = Release|Any CPU
		{029BA6B3-BA37-4D30-A805-675813086155}.Release|x64.ActiveCfg = Release|Any CPU
		{029BA6B3-BA37-4D30-A805-675813086155}.Release|x64.Build.0 = Release|Any CPU
		{029BA6B3-BA37-4D30-A805-675813086155}.Release|x86.ActiveCfg = Release|Any CPU
		{029BA6B3-BA37-4D30-A805-675813086155}.Release|x86.Build.0 = Release|Any CPU
	EndGlobalSection
EndGlobal
